
Microsoft Visual Studio Solution File, Format Version 12.00
# Visual Studio Version 17
VisualStudioVersion = 17.6.33723.286
MinimumVisualStudioVersion = 10.0.40219.1
Project("{8BC9CEB8-8B4A-11D0-8D11-00A0C91BC942}") = "10.09(3)", "10.09(3)\10.09(3).vcxproj", "{1A57489A-B8EC-450A-BE3C-869F555BC750}"
EndProject
Global
	GlobalSection(SolutionConfigurationPlatforms) = preSolution
		Debug|x64 = Debug|x64
		Debug|x86 = Debug|x86
		Release|x64 = Release|x64
		Release|x86 = Release|x86
	EndGlobalSection
	GlobalSection(ProjectConfigurationPlatforms) = postSolution
		{1A57489A-B8EC-450A-BE3C-869F555BC750}.Debug|x64.ActiveCfg = Debug|x64
		{1A57489A-B8EC-450A-BE3C-869F555BC750}.Debug|x64.Build.0 = Debug|x64
		{1A57489A-B8EC-450A-BE3C-869F555BC750}.Debug|x86.ActiveCfg = Debug|Win32
		{1A57489A-B8EC-450A-BE3C-869F555BC750}.Debug|x86.Build.0 = Debug|Win32
		{1A57489A-B8EC-450A-BE3C-869F555BC750}.Release|x64.ActiveCfg = Release|x64
		{1A57489A-B8EC-450A-BE3C-869F555BC750}.Release|x64.Build.0 = Release|x64
		{1A57489A-B8EC-450A-BE3C-869F555BC750}.Release|x86.ActiveCfg = Release|Win32
		{1A57489A-B8EC-450A-BE3C-869F555BC750}.Release|x86.Build.0 = Release|Win32
	EndGlobalSection
	GlobalSection(SolutionProperties) = preSolution
		HideSolutionNode = FALSE
	EndGlobalSection
	GlobalSection(ExtensibilityGlobals) = postSolution
		SolutionGuid = {ED78A008-3DB9-466B-B24A-501C73C11E1A}
	EndGlobalSection
EndGlobal
